// !$*UTF8*$!
{
	archiveVersion = 1;
	classes = {
	};
	objectVersion = 46;
	objects = {

/* Begin PBXBuildFile section */
		E169795B1E0BC9230062BF70 /* CALayer+Mystique.h in Headers */ = {isa = PBXBuildFile; fileRef = E169794B1E0BC9230062BF70 /* CALayer+Mystique.h */; };
		E169795C1E0BC9230062BF70 /* CALayer+Mystique.m in Sources */ = {isa = PBXBuildFile; fileRef = E169794C1E0BC9230062BF70 /* CALayer+Mystique.m */; };
		E169795D1E0BC9230062BF70 /* MTAnimationGroup.h in Headers */ = {isa = PBXBuildFile; fileRef = E169794D1E0BC9230062BF70 /* MTAnimationGroup.h */; };
		E169795E1E0BC9230062BF70 /* MTAnimationGroup.m in Sources */ = {isa = PBXBuildFile; fileRef = E169794E1E0BC9230062BF70 /* MTAnimationGroup.m */; };
		E169795F1E0BC9230062BF70 /* MTAnimator.h in Headers */ = {isa = PBXBuildFile; fileRef = E169794F1E0BC9230062BF70 /* MTAnimator.h */; };
		E16979601E0BC9230062BF70 /* MTAnimator.m in Sources */ = {isa = PBXBuildFile; fileRef = E16979501E0BC9230062BF70 /* MTAnimator.m */; };
		E16979611E0BC9230062BF70 /* MTAttribute.h in Headers */ = {isa = PBXBuildFile; fileRef = E16979511E0BC9230062BF70 /* MTAttribute.h */; };
		E16979621E0BC9230062BF70 /* MTChainableBlocks.h in Headers */ = {isa = PBXBuildFile; fileRef = E16979521E0BC9230062BF70 /* MTChainableBlocks.h */; };
		E16979631E0BC9230062BF70 /* MTKeyframeAnimation.h in Headers */ = {isa = PBXBuildFile; fileRef = E16979531E0BC9230062BF70 /* MTKeyframeAnimation.h */; };
		E16979641E0BC9230062BF70 /* MTKeyframeAnimation.m in Sources */ = {isa = PBXBuildFile; fileRef = E16979541E0BC9230062BF70 /* MTKeyframeAnimation.m */; };
		E16979651E0BC9230062BF70 /* MTUtilities.h in Headers */ = {isa = PBXBuildFile; fileRef = E16979551E0BC9230062BF70 /* MTUtilities.h */; };
		E16979661E0BC9230062BF70 /* Mystique.h in Headers */ = {isa = PBXBuildFile; fileRef = E16979561E0BC9230062BF70 /* Mystique.h */; };
		E16979671E0BC9230062BF70 /* NSBKeyframeAnimationFunctions.c in Sources */ = {isa = PBXBuildFile; fileRef = E16979571E0BC9230062BF70 /* NSBKeyframeAnimationFunctions.c */; };
		E16979681E0BC9230062BF70 /* NSBKeyframeAnimationFunctions.h in Headers */ = {isa = PBXBuildFile; fileRef = E16979581E0BC9230062BF70 /* NSBKeyframeAnimationFunctions.h */; };
		E16979691E0BC9230062BF70 /* UIView+Mystique.h in Headers */ = {isa = PBXBuildFile; fileRef = E16979591E0BC9230062BF70 /* UIView+Mystique.h */; };
		E169796A1E0BC9230062BF70 /* UIView+Mystique.m in Sources */ = {isa = PBXBuildFile; fileRef = E169795A1E0BC9230062BF70 /* UIView+Mystique.m */; };
/* End PBXBuildFile section */

/* Begin PBXFileReference section */
		E16979401E0BC8830062BF70 /* Mystique.framework */ = {isa = PBXFileReference; explicitFileType = wrapper.framework; includeInIndex = 0; path = Mystique.framework; sourceTree = BUILT_PRODUCTS_DIR; };
		E16979441E0BC8830062BF70 /* Info.plist */ = {isa = PBXFileReference; lastKnownFileType = text.plist.xml; path = Info.plist; sourceTree = "<group>"; };
		E169794B1E0BC9230062BF70 /* CALayer+Mystique.h */ = {isa = PBXFileReference; fileEncoding = 4; lastKnownFileType = sourcecode.c.h; path = "CALayer+Mystique.h"; sourceTree = "<group>"; };
		E169794C1E0BC9230062BF70 /* CALayer+Mystique.m */ = {isa = PBXFileReference; fileEncoding = 4; lastKnownFileType = sourcecode.c.objc; path = "CALayer+Mystique.m"; sourceTree = "<group>"; };
		E169794D1E0BC9230062BF70 /* MTAnimationGroup.h */ = {isa = PBXFileReference; fileEncoding = 4; lastKnownFileType = sourcecode.c.h; path = MTAnimationGroup.h; sourceTree = "<group>"; };
		E169794E1E0BC9230062BF70 /* MTAnimationGroup.m */ = {isa = PBXFileReference; fileEncoding = 4; lastKnownFileType = sourcecode.c.objc; path = MTAnimationGroup.m; sourceTree = "<group>"; };
		E169794F1E0BC9230062BF70 /* MTAnimator.h */ = {isa = PBXFileReference; fileEncoding = 4; lastKnownFileType = sourcecode.c.h; path = MTAnimator.h; sourceTree = "<group>"; };
		E16979501E0BC9230062BF70 /* MTAnimator.m */ = {isa = PBXFileReference; fileEncoding = 4; lastKnownFileType = sourcecode.c.objc; path = MTAnimator.m; sourceTree = "<group>"; };
		E16979511E0BC9230062BF70 /* MTAttribute.h */ = {isa = PBXFileReference; fileEncoding = 4; lastKnownFileType = sourcecode.c.h; path = MTAttribute.h; sourceTree = "<group>"; };
		E16979521E0BC9230062BF70 /* MTChainableBlocks.h */ = {isa = PBXFileReference; fileEncoding = 4; lastKnownFileType = sourcecode.c.h; path = MTChainableBlocks.h; sourceTree = "<group>"; };
		E16979531E0BC9230062BF70 /* MTKeyframeAnimation.h */ = {isa = PBXFileReference; fileEncoding = 4; lastKnownFileType = sourcecode.c.h; path = MTKeyframeAnimation.h; sourceTree = "<group>"; };
		E16979541E0BC9230062BF70 /* MTKeyframeAnimation.m */ = {isa = PBXFileReference; fileEncoding = 4; lastKnownFileType = sourcecode.c.objc; path = MTKeyframeAnimation.m; sourceTree = "<group>"; };
		E16979551E0BC9230062BF70 /* MTUtilities.h */ = {isa = PBXFileReference; fileEncoding = 4; lastKnownFileType = sourcecode.c.h; path = MTUtilities.h; sourceTree = "<group>"; };
		E16979561E0BC9230062BF70 /* Mystique.h */ = {isa = PBXFileReference; fileEncoding = 4; lastKnownFileType = sourcecode.c.h; path = Mystique.h; sourceTree = "<group>"; };
		E16979571E0BC9230062BF70 /* NSBKeyframeAnimationFunctions.c */ = {isa = PBXFileReference; fileEncoding = 4; lastKnownFileType = sourcecode.c.c; path = NSBKeyframeAnimationFunctions.c; sourceTree = "<group>"; };
		E16979581E0BC9230062BF70 /* NSBKeyframeAnimationFunctions.h */ = {isa = PBXFileReference; fileEncoding = 4; lastKnownFileType = sourcecode.c.h; path = NSBKeyframeAnimationFunctions.h; sourceTree = "<group>"; };
		E16979591E0BC9230062BF70 /* UIView+Mystique.h */ = {isa = PBXFileReference; fileEncoding = 4; lastKnownFileType = sourcecode.c.h; path = "UIView+Mystique.h"; sourceTree = "<group>"; };
		E169795A1E0BC9230062BF70 /* UIView+Mystique.m */ = {isa = PBXFileReference; fileEncoding = 4; lastKnownFileType = sourcecode.c.objc; path = "UIView+Mystique.m"; sourceTree = "<group>"; };
/* End PBXFileReference section */

/* Begin PBXFrameworksBuildPhase section */
		E169793C1E0BC8830062BF70 /* Frameworks */ = {
			isa = PBXFrameworksBuildPhase;
			buildActionMask = 2147483647;
			files = (
			);
			runOnlyForDeploymentPostprocessing = 0;
		};
/* End PBXFrameworksBuildPhase section */

/* Begin PBXGroup section */
		E16979361E0BC8830062BF70 = {
			isa = PBXGroup;
			children = (
				E16979421E0BC8830062BF70 /* Mystique */,
				E16979411E0BC8830062BF70 /* Products */,
			);
			sourceTree = "<group>";
		};
		E16979411E0BC8830062BF70 /* Products */ = {
			isa = PBXGroup;
			children = (
				E16979401E0BC8830062BF70 /* Mystique.framework */,
			);
			name = Products;
			sourceTree = "<group>";
		};
		E16979421E0BC8830062BF70 /* Mystique */ = {
			isa = PBXGroup;
			children = (
				E169794B1E0BC9230062BF70 /* CALayer+Mystique.h */,
				E169794C1E0BC9230062BF70 /* CALayer+Mystique.m */,
				E169794D1E0BC9230062BF70 /* MTAnimationGroup.h */,
				E169794E1E0BC9230062BF70 /* MTAnimationGroup.m */,
				E169794F1E0BC9230062BF70 /* MTAnimator.h */,
				E16979501E0BC9230062BF70 /* MTAnimator.m */,
				E16979511E0BC9230062BF70 /* MTAttribute.h */,
				E16979521E0BC9230062BF70 /* MTChainableBlocks.h */,
				E16979531E0BC9230062BF70 /* MTKeyframeAnimation.h */,
				E16979541E0BC9230062BF70 /* MTKeyframeAnimation.m */,
				E16979551E0BC9230062BF70 /* MTUtilities.h */,
				E16979561E0BC9230062BF70 /* Mystique.h */,
				E16979571E0BC9230062BF70 /* NSBKeyframeAnimationFunctions.c */,
				E16979581E0BC9230062BF70 /* NSBKeyframeAnimationFunctions.h */,
				E16979591E0BC9230062BF70 /* UIView+Mystique.h */,
				E169795A1E0BC9230062BF70 /* UIView+Mystique.m */,
				E16979441E0BC8830062BF70 /* Info.plist */,
			);
			path = Mystique;
			sourceTree = "<group>";
		};
/* End PBXGroup section */

/* Begin PBXHeadersBuildPhase section */
		E169793D1E0BC8830062BF70 /* Headers */ = {
			isa = PBXHeadersBuildPhase;
			buildActionMask = 2147483647;
			files = (
				E16979651E0BC9230062BF70 /* MTUtilities.h in Headers */,
				E169795D1E0BC9230062BF70 /* MTAnimationGroup.h in Headers */,
				E16979621E0BC9230062BF70 /* MTChainableBlocks.h in Headers */,
				E16979691E0BC9230062BF70 /* UIView+Mystique.h in Headers */,
				E16979631E0BC9230062BF70 /* MTKeyframeAnimation.h in Headers */,
				E169795F1E0BC9230062BF70 /* MTAnimator.h in Headers */,
				E16979661E0BC9230062BF70 /* Mystique.h in Headers */,
				E16979681E0BC9230062BF70 /* NSBKeyframeAnimationFunctions.h in Headers */,
				E16979611E0BC9230062BF70 /* MTAttribute.h in Headers */,
				E169795B1E0BC9230062BF70 /* CALayer+Mystique.h in Headers */,
			);
			runOnlyForDeploymentPostprocessing = 0;
		};
/* End PBXHeadersBuildPhase section */

/* Begin PBXNativeTarget section */
		E169793F1E0BC8830062BF70 /* Mystique */ = {
			isa = PBXNativeTarget;
			buildConfigurationList = E16979481E0BC8830062BF70 /* Build configuration list for PBXNativeTarget "Mystique" */;
			buildPhases = (
				E169793B1E0BC8830062BF70 /* Sources */,
				E169793C1E0BC8830062BF70 /* Frameworks */,
				E169793D1E0BC8830062BF70 /* Headers */,
				E169793E1E0BC8830062BF70 /* Resources */,
			);
			buildRules = (
			);
			dependencies = (
			);
			name = Mystique;
			productName = Mystique;
			productReference = E16979401E0BC8830062BF70 /* Mystique.framework */;
			productType = "com.apple.product-type.framework";
		};
/* End PBXNativeTarget section */

/* Begin PBXProject section */
		E16979371E0BC8830062BF70 /* Project object */ = {
			isa = PBXProject;
			attributes = {
				LastUpgradeCheck = 0810;
				ORGANIZATIONNAME = AlvinZhu;
				TargetAttributes = {
					E169793F1E0BC8830062BF70 = {
						CreatedOnToolsVersion = 8.1;
						DevelopmentTeam = 4Y65NZLKET;
						ProvisioningStyle = Automatic;
					};
				};
			};
			buildConfigurationList = E169793A1E0BC8830062BF70 /* Build configuration list for PBXProject "Mystique" */;
			compatibilityVersion = "Xcode 3.2";
			developmentRegion = English;
			hasScannedForEncodings = 0;
			knownRegions = (
				en,
			);
			mainGroup = E16979361E0BC8830062BF70;
			productRefGroup = E16979411E0BC8830062BF70 /* Products */;
			projectDirPath = "";
			projectRoot = "";
			targets = (
				E169793F1E0BC8830062BF70 /* Mystique */,
			);
		};
/* End PBXProject section */

/* Begin PBXResourcesBuildPhase section */
		E169793E1E0BC8830062BF70 /* Resources */ = {
			isa = PBXResourcesBuildPhase;
			buildActionMask = 2147483647;
			files = (
			);
			runOnlyForDeploymentPostprocessing = 0;
		};
/* End PBXResourcesBuildPhase section */

/* Begin PBXSourcesBuildPhase section */
		E169793B1E0BC8830062BF70 /* Sources */ = {
			isa = PBXSourcesBuildPhase;
			buildActionMask = 2147483647;
			files = (
				E169795C1E0BC9230062BF70 /* CALayer+Mystique.m in Sources */,
				E16979641E0BC9230062BF70 /* MTKeyframeAnimation.m in Sources */,
				E16979671E0BC9230062BF70 /* NSBKeyframeAnimationFunctions.c in Sources */,
				E169796A1E0BC9230062BF70 /* UIView+Mystique.m in Sources */,
				E16979601E0BC9230062BF70 /* MTAnimator.m in Sources */,
				E169795E1E0BC9230062BF70 /* MTAnimationGroup.m in Sources */,
			);
			runOnlyForDeploymentPostprocessing = 0;
		};
/* End PBXSourcesBuildPhase section */

/* Begin XCBuildConfiguration section */
		E16979461E0BC8830062BF70 /* Debug */ = {
			isa = XCBuildConfiguration;
			buildSettings = {
				ALWAYS_SEARCH_USER_PATHS = NO;
				CLANG_ANALYZER_NONNULL = YES;
				CLANG_CXX_LANGUAGE_STANDARD = "gnu++0x";
				CLANG_CXX_LIBRARY = "libc++";
				CLANG_ENABLE_MODULES = YES;
				CLANG_ENABLE_OBJC_ARC = YES;
				CLANG_WARN_BOOL_CONVERSION = YES;
				CLANG_WARN_CONSTANT_CONVERSION = YES;
				CLANG_WARN_DIRECT_OBJC_ISA_USAGE = YES_ERROR;
				CLANG_WARN_DOCUMENTATION_COMMENTS = YES;
				CLANG_WARN_EMPTY_BODY = YES;
				CLANG_WARN_ENUM_CONVERSION = YES;
				CLANG_WARN_INFINITE_RECURSION = YES;
				CLANG_WARN_INT_CONVERSION = YES;
				CLANG_WARN_OBJC_ROOT_CLASS = YES_ERROR;
				CLANG_WARN_SUSPICIOUS_MOVES = YES;
				CLANG_WARN_UNREACHABLE_CODE = YES;
				CLANG_WARN__DUPLICATE_METHOD_MATCH = YES;
				"CODE_SIGN_IDENTITY[sdk=iphoneos*]" = "iPhone Developer";
				COPY_PHASE_STRIP = NO;
				CURRENT_PROJECT_VERSION = 1;
				DEBUG_INFORMATION_FORMAT = dwarf;
				ENABLE_STRICT_OBJC_MSGSEND = YES;
				ENABLE_TESTABILITY = YES;
				GCC_C_LANGUAGE_STANDARD = gnu99;
				GCC_DYNAMIC_NO_PIC = NO;
				GCC_NO_COMMON_BLOCKS = YES;
				GCC_OPTIMIZATION_LEVEL = 0;
				GCC_PREPROCESSOR_DEFINITIONS = (
					"DEBUG=1",
					"$(inherited)",
				);
				GCC_WARN_64_TO_32_BIT_CONVERSION = YES;
				GCC_WARN_ABOUT_RETURN_TYPE = YES_ERROR;
				GCC_WARN_UNDECLARED_SELECTOR = YES;
				GCC_WARN_UNINITIALIZED_AUTOS = YES_AGGRESSIVE;
				GCC_WARN_UNUSED_FUNCTION = YES;
				GCC_WARN_UNUSED_VARIABLE = YES;
				IPHONEOS_DEPLOYMENT_TARGET = 10.1;
				MTL_ENABLE_DEBUG_INFO = YES;
				ONLY_ACTIVE_ARCH = YES;
				SDKROOT = iphoneos;
				TARGETED_DEVICE_FAMILY = "1,2";
				VERSIONING_SYSTEM = "apple-generic";
				VERSION_INFO_PREFIX = "";
			};
			name = Debug;
		};
		E16979471E0BC8830062BF70 /* Release */ = {
			isa = XCBuildConfiguration;
			buildSettings = {
				ALWAYS_SEARCH_USER_PATHS = NO;
				CLANG_ANALYZER_NONNULL = YES;
				CLANG_CXX_LANGUAGE_STANDARD = "gnu++0x";
				CLANG_CXX_LIBRARY = "libc++";
				CLANG_ENABLE_MODULES = YES;
				CLANG_ENABLE_OBJC_ARC = YES;
				CLANG_WARN_BOOL_CONVERSION = YES;
				CLANG_WARN_CONSTANT_CONVERSION = YES;
				CLANG_WARN_DIRECT_OBJC_ISA_USAGE = YES_ERROR;
				CLANG_WARN_DOCUMENTATION_COMMENTS = YES;
				CLANG_WARN_EMPTY_BODY = YES;
				CLANG_WARN_ENUM_CONVERSION = YES;
				CLANG_WARN_INFINITE_RECURSION = YES;
				CLANG_WARN_INT_CONVERSION = YES;
				CLANG_WARN_OBJC_ROOT_CLASS = YES_ERROR;
				CLANG_WARN_SUSPICIOUS_MOVES = YES;
				CLANG_WARN_UNREACHABLE_CODE = YES;
				CLANG_WARN__DUPLICATE_METHOD_MATCH = YES;
				"CODE_SIGN_IDENTITY[sdk=iphoneos*]" = "iPhone Developer";
				COPY_PHASE_STRIP = NO;
				CURRENT_PROJECT_VERSION = 1;
				DEBUG_INFORMATION_FORMAT = "dwarf-with-dsym";
				ENABLE_NS_ASSERTIONS = NO;
				ENABLE_STRICT_OBJC_MSGSEND = YES;
				GCC_C_LANGUAGE_STANDARD = gnu99;
				GCC_NO_COMMON_BLOCKS = YES;
				GCC_WARN_64_TO_32_BIT_CONVERSION = YES;
				GCC_WARN_ABOUT_RETURN_TYPE = YES_ERROR;
				GCC_WARN_UNDECLARED_SELECTOR = YES;
				GCC_WARN_UNINITIALIZED_AUTOS = YES_AGGRESSIVE;
				GCC_WARN_UNUSED_FUNCTION = YES;
				GCC_WARN_UNUSED_VARIABLE = YES;
				IPHONEOS_DEPLOYMENT_TARGET = 10.1;
				MTL_ENABLE_DEBUG_INFO = NO;
				SDKROOT = iphoneos;
				TARGETED_DEVICE_FAMILY = "1,2";
				VALIDATE_PRODUCT = YES;
				VERSIONING_SYSTEM = "apple-generic";
				VERSION_INFO_PREFIX = "";
			};
			name = Release;
		};
		E16979491E0BC8830062BF70 /* Debug */ = {
			isa = XCBuildConfiguration;
			buildSettings = {
				CODE_SIGN_IDENTITY = "";
				DEFINES_MODULE = YES;
				DEVELOPMENT_TEAM = 4Y65NZLKET;
				DYLIB_COMPATIBILITY_VERSION = 1;
				DYLIB_CURRENT_VERSION = 1;
				DYLIB_INSTALL_NAME_BASE = "@rpath";
				INFOPLIST_FILE = Mystique/Info.plist;
				INSTALL_PATH = "$(LOCAL_LIBRARY_DIR)/Frameworks";
				LD_RUNPATH_SEARCH_PATHS = "$(inherited) @executable_path/Frameworks @loader_path/Frameworks";
				PRODUCT_BUNDLE_IDENTIFIER = me.alvinzhu.Mystique;
				PRODUCT_NAME = "$(TARGET_NAME)";
				SKIP_INSTALL = YES;
			};
			name = Debug;
		};
		E169794A1E0BC8830062BF70 /* Release */ = {
			isa = XCBuildConfiguration;
			buildSettings = {
				CODE_SIGN_IDENTITY = "";
				DEFINES_MODULE = YES;
				DEVELOPMENT_TEAM = 4Y65NZLKET;
				DYLIB_COMPATIBILITY_VERSION = 1;
				DYLIB_CURRENT_VERSION = 1;
				DYLIB_INSTALL_NAME_BASE = "@rpath";
				INFOPLIST_FILE = Mystique/Info.plist;
				INSTALL_PATH = "$(LOCAL_LIBRARY_DIR)/Frameworks";
				LD_RUNPATH_SEARCH_PATHS = "$(inherited) @executable_path/Frameworks @loader_path/Frameworks";
				PRODUCT_BUNDLE_IDENTIFIER = me.alvinzhu.Mystique;
				PRODUCT_NAME = "$(TARGET_NAME)";
				SKIP_INSTALL = YES;
			};
			name = Release;
		};
/* End XCBuildConfiguration section */

/* Begin XCConfigurationList section */
		E169793A1E0BC8830062BF70 /* Build configuration list for PBXProject "Mystique" */ = {
			isa = XCConfigurationList;
			buildConfigurations = (
				E16979461E0BC8830062BF70 /* Debug */,
				E16979471E0BC8830062BF70 /* Release */,
			);
			defaultConfigurationIsVisible = 0;
			defaultConfigurationName = Release;
		};
		E16979481E0BC8830062BF70 /* Build configuration list for PBXNativeTarget "Mystique" */ = {
			isa = XCConfigurationList;
			buildConfigurations = (
				E16979491E0BC8830062BF70 /* Debug */,
				E169794A1E0BC8830062BF70 /* Release */,
			);
			defaultConfigurationIsVisible = 0;
			defaultConfigurationName = Release;
		};
/* End XCConfigurationList section */
	};
	rootObject = E16979371E0BC8830062BF70 /* Project object */;
}
